
Microsoft Visual Studio Solution File, Format Version 12.00
# Visual Studio Version 17
VisualStudioVersion = 17.14.36401.2
MinimumVisualStudioVersion = 10.0.40219.1
Project("{FAE04EC0-301F-11D3-BF4B-00C04F79EFBC}") = "MediatorTests", "Tests\MediatorTests.csproj", "{7A07309F-330E-4B11-9BBB-01A925835645}"
EndProject
Project("{FAE04EC0-301F-11D3-BF4B-00C04F79EFBC}") = "Mediator1", "Libs\Mediator1\Mediator1.csproj", "{9A19FF42-3F97-C1B4-299C-198CA9976324}"
EndProject
Global
	GlobalSection(SolutionConfigurationPlatforms) = preSolution
		Debug|Any CPU = Debug|Any CPU
		Release|Any CPU = Release|Any CPU
	EndGlobalSection
	GlobalSection(ProjectConfigurationPlatforms) = postSolution
		{7A07309F-330E-4B11-9BBB-01A925835645}.Debug|Any CPU.ActiveCfg = Debug|Any CPU
		{7A07309F-330E-4B11-9BBB-01A925835645}.Debug|Any CPU.Build.0 = Debug|Any CPU
		{7A07309F-330E-4B11-9BBB-01A925835645}.Release|Any CPU.ActiveCfg = Release|Any CPU
		{7A07309F-330E-4B11-9BBB-01A925835645}.Release|Any CPU.Build.0 = Release|Any CPU
		{9A19FF42-3F97-C1B4-299C-198CA9976324}.Debug|Any CPU.ActiveCfg = Debug|Any CPU
		{9A19FF42-3F97-C1B4-299C-198CA9976324}.Debug|Any CPU.Build.0 = Debug|Any CPU
		{9A19FF42-3F97-C1B4-299C-198CA9976324}.Release|Any CPU.ActiveCfg = Release|Any CPU
		{9A19FF42-3F97-C1B4-299C-198CA9976324}.Release|Any CPU.Build.0 = Release|Any CPU
	EndGlobalSection
	GlobalSection(SolutionProperties) = preSolution
		HideSolutionNode = FALSE
	EndGlobalSection
	GlobalSection(ExtensibilityGlobals) = postSolution
		SolutionGuid = {8EADE5A2-2801-4AAD-9062-8727134F31ED}
	EndGlobalSection
EndGlobal
