
Microsoft Visual Studio Solution File, Format Version 12.00
# Visual Studio Version 17
VisualStudioVersion = 17.14.36401.2
MinimumVisualStudioVersion = 10.0.40219.1
Project("{FAE04EC0-301F-11D3-BF4B-00C04F79EFBC}") = "FlyweightTests", "Tests\FlyweightTests.csproj", "{CA569B06-EB60-458D-B34F-1F5C244B4A26}"
EndProject
Project("{FAE04EC0-301F-11D3-BF4B-00C04F79EFBC}") = "Flyweight1", "Libs\Flyweight1\Flyweight1.csproj", "{A0041851-B0A4-E93D-C582-787638897E01}"
EndProject
Global
	GlobalSection(SolutionConfigurationPlatforms) = preSolution
		Debug|Any CPU = Debug|Any CPU
		Release|Any CPU = Release|Any CPU
	EndGlobalSection
	GlobalSection(ProjectConfigurationPlatforms) = postSolution
		{CA569B06-EB60-458D-B34F-1F5C244B4A26}.Debug|Any CPU.ActiveCfg = Debug|Any CPU
		{CA569B06-EB60-458D-B34F-1F5C244B4A26}.Debug|Any CPU.Build.0 = Debug|Any CPU
		{CA569B06-EB60-458D-B34F-1F5C244B4A26}.Release|Any CPU.ActiveCfg = Release|Any CPU
		{CA569B06-EB60-458D-B34F-1F5C244B4A26}.Release|Any CPU.Build.0 = Release|Any CPU
		{A0041851-B0A4-E93D-C582-787638897E01}.Debug|Any CPU.ActiveCfg = Debug|Any CPU
		{A0041851-B0A4-E93D-C582-787638897E01}.Debug|Any CPU.Build.0 = Debug|Any CPU
		{A0041851-B0A4-E93D-C582-787638897E01}.Release|Any CPU.ActiveCfg = Release|Any CPU
		{A0041851-B0A4-E93D-C582-787638897E01}.Release|Any CPU.Build.0 = Release|Any CPU
	EndGlobalSection
	GlobalSection(SolutionProperties) = preSolution
		HideSolutionNode = FALSE
	EndGlobalSection
	GlobalSection(ExtensibilityGlobals) = postSolution
		SolutionGuid = {CC712B10-1E99-4027-9C92-C82225EE5536}
	EndGlobalSection
EndGlobal
