
Microsoft Visual Studio Solution File, Format Version 12.00
# Visual Studio Version 17
VisualStudioVersion = 17.13.35931.197 d17.13
MinimumVisualStudioVersion = 10.0.40219.1
Project("{FAE04EC0-301F-11D3-BF4B-00C04F79EFBC}") = "Observer2", "Observer2.csproj", "{2D800316-730D-4B07-ACE2-DEED39AC3A87}"
EndProject
Global
	GlobalSection(SolutionConfigurationPlatforms) = preSolution
		Debug|Any CPU = Debug|Any CPU
		Release|Any CPU = Release|Any CPU
	EndGlobalSection
	GlobalSection(ProjectConfigurationPlatforms) = postSolution
		{2D800316-730D-4B07-ACE2-DEED39AC3A87}.Debug|Any CPU.ActiveCfg = Debug|Any CPU
		{2D800316-730D-4B07-ACE2-DEED39AC3A87}.Debug|Any CPU.Build.0 = Debug|Any CPU
		{2D800316-730D-4B07-ACE2-DEED39AC3A87}.Release|Any CPU.ActiveCfg = Release|Any CPU
		{2D800316-730D-4B07-ACE2-DEED39AC3A87}.Release|Any CPU.Build.0 = Release|Any CPU
	EndGlobalSection
	GlobalSection(SolutionProperties) = preSolution
		HideSolutionNode = FALSE
	EndGlobalSection
	GlobalSection(ExtensibilityGlobals) = postSolution
		SolutionGuid = {B4FF0FD1-D7CF-4F3F-B343-C52544EE63CA}
	EndGlobalSection
EndGlobal
