
Microsoft Visual Studio Solution File, Format Version 12.00
# Visual Studio Version 17
VisualStudioVersion = 17.13.35931.197 d17.13
MinimumVisualStudioVersion = 10.0.40219.1
Project("{FAE04EC0-301F-11D3-BF4B-00C04F79EFBC}") = "AbstractFactory1", "AbstractFactory1.csproj", "{FBAE8821-424B-4DFB-B3D3-27502D154EFC}"
EndProject
Global
	GlobalSection(SolutionConfigurationPlatforms) = preSolution
		Debug|Any CPU = Debug|Any CPU
		Release|Any CPU = Release|Any CPU
	EndGlobalSection
	GlobalSection(ProjectConfigurationPlatforms) = postSolution
		{FBAE8821-424B-4DFB-B3D3-27502D154EFC}.Debug|Any CPU.ActiveCfg = Debug|Any CPU
		{FBAE8821-424B-4DFB-B3D3-27502D154EFC}.Debug|Any CPU.Build.0 = Debug|Any CPU
		{FBAE8821-424B-4DFB-B3D3-27502D154EFC}.Release|Any CPU.ActiveCfg = Release|Any CPU
		{FBAE8821-424B-4DFB-B3D3-27502D154EFC}.Release|Any CPU.Build.0 = Release|Any CPU
	EndGlobalSection
	GlobalSection(SolutionProperties) = preSolution
		HideSolutionNode = FALSE
	EndGlobalSection
	GlobalSection(ExtensibilityGlobals) = postSolution
		SolutionGuid = {49E978FE-DBEE-41E4-ABD6-CA30044D3513}
	EndGlobalSection
EndGlobal
