
Microsoft Visual Studio Solution File, Format Version 12.00
# Visual Studio Version 17
VisualStudioVersion = 17.13.35931.197
MinimumVisualStudioVersion = 10.0.40219.1
Project("{FAE04EC0-301F-11D3-BF4B-00C04F79EFBC}") = "Tests", "Tests\Tests.csproj", "{D5384F3D-E084-4329-B557-57C5B9C9D533}"
EndProject
Project("{FAE04EC0-301F-11D3-BF4B-00C04F79EFBC}") = "Observer1", "libs\Observer1\Observer1.csproj", "{A29C47E3-EB84-7DB4-73D8-5965ABDF30E0}"
EndProject
Project("{FAE04EC0-301F-11D3-BF4B-00C04F79EFBC}") = "Observer2", "libs\Observer2\Observer2.csproj", "{DC39BCAA-89D6-4CCF-992C-58E6CD622B84}"
EndProject
Global
	GlobalSection(SolutionConfigurationPlatforms) = preSolution
		Debug|Any CPU = Debug|Any CPU
		Release|Any CPU = Release|Any CPU
	EndGlobalSection
	GlobalSection(ProjectConfigurationPlatforms) = postSolution
		{D5384F3D-E084-4329-B557-57C5B9C9D533}.Debug|Any CPU.ActiveCfg = Debug|Any CPU
		{D5384F3D-E084-4329-B557-57C5B9C9D533}.Debug|Any CPU.Build.0 = Debug|Any CPU
		{D5384F3D-E084-4329-B557-57C5B9C9D533}.Release|Any CPU.ActiveCfg = Release|Any CPU
		{D5384F3D-E084-4329-B557-57C5B9C9D533}.Release|Any CPU.Build.0 = Release|Any CPU
		{A29C47E3-EB84-7DB4-73D8-5965ABDF30E0}.Debug|Any CPU.ActiveCfg = Debug|Any CPU
		{A29C47E3-EB84-7DB4-73D8-5965ABDF30E0}.Debug|Any CPU.Build.0 = Debug|Any CPU
		{A29C47E3-EB84-7DB4-73D8-5965ABDF30E0}.Release|Any CPU.ActiveCfg = Release|Any CPU
		{A29C47E3-EB84-7DB4-73D8-5965ABDF30E0}.Release|Any CPU.Build.0 = Release|Any CPU
		{DC39BCAA-89D6-4CCF-992C-58E6CD622B84}.Debug|Any CPU.ActiveCfg = Debug|Any CPU
		{DC39BCAA-89D6-4CCF-992C-58E6CD622B84}.Debug|Any CPU.Build.0 = Debug|Any CPU
		{DC39BCAA-89D6-4CCF-992C-58E6CD622B84}.Release|Any CPU.ActiveCfg = Release|Any CPU
		{DC39BCAA-89D6-4CCF-992C-58E6CD622B84}.Release|Any CPU.Build.0 = Release|Any CPU
	EndGlobalSection
	GlobalSection(SolutionProperties) = preSolution
		HideSolutionNode = FALSE
	EndGlobalSection
	GlobalSection(ExtensibilityGlobals) = postSolution
		SolutionGuid = {E912C47A-CAFA-4B2E-BB52-404B1C935030}
	EndGlobalSection
EndGlobal
