
Microsoft Visual Studio Solution File, Format Version 12.00
# Visual Studio Version 17
VisualStudioVersion = 17.13.35931.197 d17.13
MinimumVisualStudioVersion = 10.0.40219.1
Project("{FAE04EC0-301F-11D3-BF4B-00C04F79EFBC}") = "Command1", "Command1.csproj", "{D0AD75E3-E49E-4079-A46E-FF54F06B65AA}"
EndProject
Global
	GlobalSection(SolutionConfigurationPlatforms) = preSolution
		Debug|Any CPU = Debug|Any CPU
		Release|Any CPU = Release|Any CPU
	EndGlobalSection
	GlobalSection(ProjectConfigurationPlatforms) = postSolution
		{D0AD75E3-E49E-4079-A46E-FF54F06B65AA}.Debug|Any CPU.ActiveCfg = Debug|Any CPU
		{D0AD75E3-E49E-4079-A46E-FF54F06B65AA}.Debug|Any CPU.Build.0 = Debug|Any CPU
		{D0AD75E3-E49E-4079-A46E-FF54F06B65AA}.Release|Any CPU.ActiveCfg = Release|Any CPU
		{D0AD75E3-E49E-4079-A46E-FF54F06B65AA}.Release|Any CPU.Build.0 = Release|Any CPU
	EndGlobalSection
	GlobalSection(SolutionProperties) = preSolution
		HideSolutionNode = FALSE
	EndGlobalSection
	GlobalSection(ExtensibilityGlobals) = postSolution
		SolutionGuid = {E652C0FF-895E-4569-851A-69046D11137E}
	EndGlobalSection
EndGlobal
