
Microsoft Visual Studio Solution File, Format Version 12.00
# Visual Studio Version 17
VisualStudioVersion = 17.14.36127.28
MinimumVisualStudioVersion = 10.0.40219.1
Project("{FAE04EC0-301F-11D3-BF4B-00C04F79EFBC}") = "ProxyTests", "Tests\ProxyTests.csproj", "{7EBEAF4D-8B80-48A6-A755-9EF449CFC10E}"
EndProject
Project("{FAE04EC0-301F-11D3-BF4B-00C04F79EFBC}") = "Proxy1", "Libs\Proxy1\Proxy1.csproj", "{64EEEACD-F7D2-5EEC-2A50-CB864610968A}"
EndProject
Global
	GlobalSection(SolutionConfigurationPlatforms) = preSolution
		Debug|Any CPU = Debug|Any CPU
		Release|Any CPU = Release|Any CPU
	EndGlobalSection
	GlobalSection(ProjectConfigurationPlatforms) = postSolution
		{7EBEAF4D-8B80-48A6-A755-9EF449CFC10E}.Debug|Any CPU.ActiveCfg = Debug|Any CPU
		{7EBEAF4D-8B80-48A6-A755-9EF449CFC10E}.Debug|Any CPU.Build.0 = Debug|Any CPU
		{7EBEAF4D-8B80-48A6-A755-9EF449CFC10E}.Release|Any CPU.ActiveCfg = Release|Any CPU
		{7EBEAF4D-8B80-48A6-A755-9EF449CFC10E}.Release|Any CPU.Build.0 = Release|Any CPU
		{64EEEACD-F7D2-5EEC-2A50-CB864610968A}.Debug|Any CPU.ActiveCfg = Debug|Any CPU
		{64EEEACD-F7D2-5EEC-2A50-CB864610968A}.Debug|Any CPU.Build.0 = Debug|Any CPU
		{64EEEACD-F7D2-5EEC-2A50-CB864610968A}.Release|Any CPU.ActiveCfg = Release|Any CPU
		{64EEEACD-F7D2-5EEC-2A50-CB864610968A}.Release|Any CPU.Build.0 = Release|Any CPU
	EndGlobalSection
	GlobalSection(SolutionProperties) = preSolution
		HideSolutionNode = FALSE
	EndGlobalSection
	GlobalSection(ExtensibilityGlobals) = postSolution
		SolutionGuid = {D1BD4883-DE1E-4BB0-A1ED-0AD9D0FF3696}
	EndGlobalSection
EndGlobal
